{
    "_readme": [
        "This file locks the dependencies of your project to a known state",
        "Read more about it at https://getcomposer.org/doc/01-basic-usage.md#installing-dependencies",
        "This file is @generated automatically"
    ],
    "content-hash": "479f91afc4a0ecbebf60230582686498",
    "packages": [
        {
            "name": "symfony/finder",
            "version": "v7.4.3",
            "source": {
                "type": "git",
                "url": "https://github.com/symfony/finder.git",
                "reference": "fffe05569336549b20a1be64250b40516d6e8d06"
            },
            "dist": {
                "type": "zip",
                "url": "https://api.github.com/repos/symfony/finder/zipball/fffe05569336549b20a1be64250b40516d6e8d06",
                "reference": "fffe05569336549b20a1be64250b40516d6e8d06",
                "shasum": ""
            },
            "require": {
                "php": ">=8.2"
            },
            "require-dev": {
                "symfony/filesystem": "^6.4|^7.0|^8.0"
            },
            "type": "library",
            "autoload": {
                "psr-4": {
                    "Symfony\\Component\\Finder\\": ""
                },
                "exclude-from-classmap": [
                    "/Tests/"
                ]
            },
            "notification-url": "https://packagist.org/downloads/",
            "license": [
                "MIT"
            ],
            "authors": [
                {
                    "name": "Fabien Potencier",
                    "email": "fabien@symfony.com"
                },
                {
                    "name": "Symfony Community",
                    "homepage": "https://symfony.com/contributors"
                }
            ],
            "description": "Finds files and directories via an intuitive fluent interface",
            "homepage": "https://symfony.com",
            "support": {
                "source": "https://github.com/symfony/finder/tree/v7.4.3"
            },
            "funding": [
                {
                    "url": "https://symfony.com/sponsor",
                    "type": "custom"
                },
                {
                    "url": "https://github.com/fabpot",
                    "type": "github"
                },
                {
                    "url": "https://github.com/nicolas-grekas",
                    "type": "github"
                },
                {
                    "url": "https://tidelift.com/funding/github/packagist/symfony/symfony",
                    "type": "tidelift"
                }
            ],
            "time": "2025-12-23T14:50:43+00:00"
        }
    ],
    "packages-dev": [
        {
            "name": "shipmonk/composer-dependency-analyser",
            "version": "1.8.4",
            "source": {
                "type": "git",
                "url": "https://github.com/shipmonk-rnd/composer-dependency-analyser.git",
                "reference": "975e5873b519d5180b1017a5dfb43d80781abd45"
            },
            "dist": {
                "type": "zip",
                "url": "https://api.github.com/repos/shipmonk-rnd/composer-dependency-analyser/zipball/975e5873b519d5180b1017a5dfb43d80781abd45",
                "reference": "975e5873b519d5180b1017a5dfb43d80781abd45",
                "shasum": ""
            },
            "require": {
                "ext-json": "*",
                "ext-tokenizer": "*",
                "php": "^7.2 || ^8.0"
            },
            "require-dev": {
                "editorconfig-checker/editorconfig-checker": "^10.7.0",
                "ergebnis/composer-normalize": "^2.19.0",
                "ext-dom": "*",
                "ext-libxml": "*",
                "phpcompatibility/php-compatibility": "^9.3.5",
                "phpstan/phpstan": "^1.12.26",
                "phpstan/phpstan-phpunit": "^1.4.2",
                "phpstan/phpstan-strict-rules": "^1.6.2",
                "phpunit/phpunit": "^8.5.42 || ^9.6.23",
                "shipmonk/name-collision-detector": "^2.1.1",
                "slevomat/coding-standard": "^8.15.0"
            },
            "bin": [
                "bin/composer-dependency-analyser"
            ],
            "type": "library",
            "autoload": {
                "psr-4": {
                    "ShipMonk\\ComposerDependencyAnalyser\\": "src/"
                }
            },
            "notification-url": "https://packagist.org/downloads/",
            "license": [
                "MIT"
            ],
            "description": "Fast detection of composer dependency issues (dead dependencies, shadow dependencies, misplaced dependencies)",
            "keywords": [
                "analyser",
                "composer",
                "composer dependency",
                "dead code",
                "dead dependency",
                "detector",
                "dev",
                "misplaced dependency",
                "shadow dependency",
                "static analysis",
                "unused code",
                "unused dependency"
            ],
            "support": {
                "issues": "https://github.com/shipmonk-rnd/composer-dependency-analyser/issues",
                "source": "https://github.com/shipmonk-rnd/composer-dependency-analyser/tree/1.8.4"
            },
            "time": "2025-11-25T14:38:16+00:00"
        }
    ],
    "aliases": [],
    "minimum-stability": "stable",
    "stability-flags": {},
    "prefer-stable": false,
    "prefer-lowest": false,
    "platform": {},
    "platform-dev": {},
    "plugin-api-version": "2.9.0"
}
