{
    "_readme": [
        "This file locks the dependencies of your project to a known state",
        "Read more about it at https://getcomposer.org/doc/01-basic-usage.md#installing-dependencies",
        "This file is @generated automatically"
    ],
    "content-hash": "92d95c7445cd76ecfe07e2389781025c",
    "packages": [
        {
            "name": "symfony/finder",
            "version": "v7.1.4",
            "source": {
                "type": "git",
                "url": "https://github.com/symfony/finder.git",
                "reference": "d95bbf319f7d052082fb7af147e0f835a695e823"
            },
            "dist": {
                "type": "zip",
                "url": "https://api.github.com/repos/symfony/finder/zipball/d95bbf319f7d052082fb7af147e0f835a695e823",
                "reference": "d95bbf319f7d052082fb7af147e0f835a695e823",
                "shasum": ""
            },
            "require": {
                "php": ">=8.2"
            },
            "require-dev": {
                "symfony/filesystem": "^6.4|^7.0"
            },
            "type": "library",
            "autoload": {
                "psr-4": {
                    "Symfony\\Component\\Finder\\": ""
                },
                "exclude-from-classmap": [
                    "/Tests/"
                ]
            },
            "notification-url": "https://packagist.org/downloads/",
            "license": [
                "MIT"
            ],
            "authors": [
                {
                    "name": "Fabien Potencier",
                    "email": "fabien@symfony.com"
                },
                {
                    "name": "Symfony Community",
                    "homepage": "https://symfony.com/contributors"
                }
            ],
            "description": "Finds files and directories via an intuitive fluent interface",
            "homepage": "https://symfony.com",
            "support": {
                "source": "https://github.com/symfony/finder/tree/v7.1.4"
            },
            "funding": [
                {
                    "url": "https://symfony.com/sponsor",
                    "type": "custom"
                },
                {
                    "url": "https://github.com/fabpot",
                    "type": "github"
                },
                {
                    "url": "https://tidelift.com/funding/github/packagist/symfony/symfony",
                    "type": "tidelift"
                }
            ],
            "time": "2024-08-13T14:28:19+00:00"
        }
    ],
    "packages-dev": [
        {
            "name": "shipmonk/composer-dependency-analyser",
            "version": "1.7.0",
            "source": {
                "type": "git",
                "url": "https://github.com/shipmonk-rnd/composer-dependency-analyser.git",
                "reference": "bca862b2830a453734aee048eb0cdab82e5c9da3"
            },
            "dist": {
                "type": "zip",
                "url": "https://api.github.com/repos/shipmonk-rnd/composer-dependency-analyser/zipball/bca862b2830a453734aee048eb0cdab82e5c9da3",
                "reference": "bca862b2830a453734aee048eb0cdab82e5c9da3",
                "shasum": ""
            },
            "require": {
                "ext-json": "*",
                "ext-tokenizer": "*",
                "php": "^7.2 || ^8.0"
            },
            "require-dev": {
                "editorconfig-checker/editorconfig-checker": "^10.3.0",
                "ergebnis/composer-normalize": "^2.19",
                "ext-dom": "*",
                "ext-libxml": "*",
                "phpcompatibility/php-compatibility": "^9.3",
                "phpstan/phpstan": "^1.10.63",
                "phpstan/phpstan-phpunit": "^1.1.1",
                "phpstan/phpstan-strict-rules": "^1.2.3",
                "phpunit/phpunit": "^8.5.28 || ^9.5.20",
                "shipmonk/name-collision-detector": "^2.0.0",
                "slevomat/coding-standard": "^8.0.1"
            },
            "bin": [
                "bin/composer-dependency-analyser"
            ],
            "type": "library",
            "autoload": {
                "psr-4": {
                    "ShipMonk\\ComposerDependencyAnalyser\\": "src/"
                }
            },
            "notification-url": "https://packagist.org/downloads/",
            "license": [
                "MIT"
            ],
            "description": "Fast detection of composer dependency issues (dead dependencies, shadow dependencies, misplaced dependencies)",
            "keywords": [
                "analyser",
                "composer",
                "composer dependency",
                "dead code",
                "dead dependency",
                "detector",
                "dev",
                "misplaced dependency",
                "shadow dependency",
                "static analysis",
                "unused code",
                "unused dependency"
            ],
            "support": {
                "issues": "https://github.com/shipmonk-rnd/composer-dependency-analyser/issues",
                "source": "https://github.com/shipmonk-rnd/composer-dependency-analyser/tree/1.7.0"
            },
            "time": "2024-08-08T08:12:32+00:00"
        }
    ],
    "aliases": [],
    "minimum-stability": "stable",
    "stability-flags": [],
    "prefer-stable": false,
    "prefer-lowest": false,
    "platform": [],
    "platform-dev": [],
    "plugin-api-version": "2.6.0"
}
